<?xml version="1.0" encoding="utf-8"?>
<Project ToolsVersion="4.0" xmlns="http://schemas.microsoft.com/developer/msbuild/2003">
  <ItemGroup>
    <Filter Include="Source Files">
      <UniqueIdentifier>{4FC737F1-C7A5-4376-A066-2A32D752A2FF}</UniqueIdentifier>
      <Extensions>cpp;c;cc;cxx;def;odl;idl;hpj;bat;asm;asmx</Extensions>
    </Filter>
    <Filter Include="Header Files">
      <UniqueIdentifier>{93995380-89BD-4b04-88EB-625FBE52EBFB}</UniqueIdentifier>
      <Extensions>h;hh;hpp;hxx;hm;inl;inc;xsd</Extensions>
    </Filter>
    <Filter Include="Resource Files">
      <UniqueIdentifier>{67DA6AB6-F800-4c08-8B7A-83BB121AAD01}</UniqueIdentifier>
      <Extensions>rc;ico;cur;bmp;dlg;rc2;rct;bin;rgs;gif;jpg;jpeg;jpe;resx;tiff;tif;png;wav;mfcribbon-ms</Extensions>
    </Filter>
    <Filter Include="Header Files\Core">
      <UniqueIdentifier>{8d6f2376-84a7-409f-ab48-475b6f03a83f}</UniqueIdentifier>
    </Filter>
    <Filter Include="Source Files\Core">
      <UniqueIdentifier>{c0e2dfe7-ada6-42f8-9a77-da35bae7a811}</UniqueIdentifier>
    </Filter>
    <Filter Include="Header Files\Device">
      <UniqueIdentifier>{756f7c9e-4416-4eb7-90d9-b6ec19782896}</UniqueIdentifier>
    </Filter>
    <Filter Include="Source Files\Device">
      <UniqueIdentifier>{2843055c-eeab-4d76-913f-543dfa3e1652}</UniqueIdentifier>
    </Filter>
    <Filter Include="Header Files\Core\Mathematics">
      <UniqueIdentifier>{8bf97ae1-bb3d-482c-ab2f-1edd334e9664}</UniqueIdentifier>
    </Filter>
    <Filter Include="Header Files\Core\Container">
      <UniqueIdentifier>{35f2225d-da27-4cb1-86f8-80c0cf4efa37}</UniqueIdentifier>
    </Filter>
    <Filter Include="Source Files\Core\Mathematics">
      <UniqueIdentifier>{c54ced47-346e-4d79-87f7-70d9235ad35b}</UniqueIdentifier>
    </Filter>
    <Filter Include="Source Files\Core\Container">
      <UniqueIdentifier>{ae659841-a18e-49d6-8696-e5ec2bb272e8}</UniqueIdentifier>
    </Filter>
    <Filter Include="Header Files\Graphics">
      <UniqueIdentifier>{eb50ad0d-b2cd-4ce2-93ce-7940ea5857e9}</UniqueIdentifier>
    </Filter>
    <Filter Include="Source Files\Graphics">
      <UniqueIdentifier>{a301f3ba-30ec-4b89-b6a0-33d2c7edf475}</UniqueIdentifier>
    </Filter>
    <Filter Include="Header Files\FileIO">
      <UniqueIdentifier>{4998bd01-4fbb-468d-b098-3142e796829c}</UniqueIdentifier>
    </Filter>
    <Filter Include="Source Files\FileIO">
      <UniqueIdentifier>{dafed476-416a-478d-806d-4ba02f8e45dd}</UniqueIdentifier>
    </Filter>
    <Filter Include="Header Files\ML">
      <UniqueIdentifier>{280c8869-53db-43d2-b06b-4ce5e2ecd318}</UniqueIdentifier>
    </Filter>
    <Filter Include="Source Files\ML">
      <UniqueIdentifier>{897a0bfd-5f83-464a-accd-0af84dc13cb8}</UniqueIdentifier>
    </Filter>
  </ItemGroup>
  <ItemGroup>
    <ClCompile Include="PlaneDetection_Main.cpp">
      <Filter>Source Files</Filter>
    </ClCompile>
    <ClCompile Include="Core\cVectorManager.cpp">
      <Filter>Source Files\Core</Filter>
    </ClCompile>
    <ClCompile Include="Core\SanContainer.cpp">
      <Filter>Source Files\Core</Filter>
    </ClCompile>
    <ClCompile Include="Core\SanMathematics.cpp">
      <Filter>Source Files\Core</Filter>
    </ClCompile>
    <ClCompile Include="Core\SanMemory.cpp">
      <Filter>Source Files\Core</Filter>
    </ClCompile>
    <ClCompile Include="Core\SanString.cpp">
      <Filter>Source Files\Core</Filter>
    </ClCompile>
    <ClCompile Include="Core\Container\SanContainerStream.cpp">
      <Filter>Source Files\Core\Container</Filter>
    </ClCompile>
    <ClCompile Include="Device\cSanTerminalDeviceWin.cpp">
      <Filter>Source Files\Device</Filter>
    </ClCompile>
    <ClCompile Include="Device\cSanWindowObjectGL.cpp">
      <Filter>Source Files\Device</Filter>
    </ClCompile>
    <ClCompile Include="Device\cWindowBasic.cpp">
      <Filter>Source Files\Device</Filter>
    </ClCompile>
    <ClCompile Include="Graphics\PixelBasedRenderFunc.cpp">
      <Filter>Source Files\Graphics</Filter>
    </ClCompile>
    <ClCompile Include="Graphics\SanGraphics.cpp">
      <Filter>Source Files\Graphics</Filter>
    </ClCompile>
    <ClCompile Include="FileIO\cBMPReader.cpp">
      <Filter>Source Files\FileIO</Filter>
    </ClCompile>
    <ClCompile Include="FileIO\cXMLLoader.cpp">
      <Filter>Source Files\FileIO</Filter>
    </ClCompile>
    <ClCompile Include="FileIO\SanFileIO.cpp">
      <Filter>Source Files\FileIO</Filter>
    </ClCompile>
  </ItemGroup>
  <ItemGroup>
    <ClInclude Include="Core\cVectorManager.h">
      <Filter>Header Files\Core</Filter>
    </ClInclude>
    <ClInclude Include="Core\cVectorManagerDef.h">
      <Filter>Header Files\Core</Filter>
    </ClInclude>
    <ClInclude Include="Core\MsgDef.h">
      <Filter>Header Files\Core</Filter>
    </ClInclude>
    <ClInclude Include="Core\SanContainer.h">
      <Filter>Header Files\Core</Filter>
    </ClInclude>
    <ClInclude Include="Core\SanMathematics.h">
      <Filter>Header Files\Core</Filter>
    </ClInclude>
    <ClInclude Include="Core\SanMemory.h">
      <Filter>Header Files\Core</Filter>
    </ClInclude>
    <ClInclude Include="Core\SanString.h">
      <Filter>Header Files\Core</Filter>
    </ClInclude>
    <ClInclude Include="Core\SanTypes.h">
      <Filter>Header Files\Core</Filter>
    </ClInclude>
    <ClInclude Include="Core\WinDataDef.h">
      <Filter>Header Files\Core</Filter>
    </ClInclude>
    <ClInclude Include="Core\Container\SanContainerDef.h">
      <Filter>Header Files\Core\Container</Filter>
    </ClInclude>
    <ClInclude Include="Core\Container\SanContainerStream.h">
      <Filter>Header Files\Core\Container</Filter>
    </ClInclude>
    <ClInclude Include="Core\Container\SanContainerStreamT.h">
      <Filter>Header Files\Core\Container</Filter>
    </ClInclude>
    <ClInclude Include="Core\Container\SanContainerTree.h">
      <Filter>Header Files\Core\Container</Filter>
    </ClInclude>
    <ClInclude Include="Device\cSanTerminalDeviceWin.h">
      <Filter>Header Files\Device</Filter>
    </ClInclude>
    <ClInclude Include="Device\cSanWindowObjectGL.h">
      <Filter>Header Files\Device</Filter>
    </ClInclude>
    <ClInclude Include="Device\cWindowBasic.h">
      <Filter>Header Files\Device</Filter>
    </ClInclude>
    <ClInclude Include="Device\SanDevices.h">
      <Filter>Header Files\Device</Filter>
    </ClInclude>
    <ClInclude Include="Graphics\PixelBasedRenderFunc.h">
      <Filter>Header Files\Graphics</Filter>
    </ClInclude>
    <ClInclude Include="Graphics\SanGraphics.h">
      <Filter>Header Files\Graphics</Filter>
    </ClInclude>
    <ClInclude Include="FileIO\cBMPReader.h">
      <Filter>Header Files\FileIO</Filter>
    </ClInclude>
    <ClInclude Include="FileIO\cXMLLoader.h">
      <Filter>Header Files\FileIO</Filter>
    </ClInclude>
    <ClInclude Include="FileIO\FileLoader.h">
      <Filter>Header Files\FileIO</Filter>
    </ClInclude>
    <ClInclude Include="FileIO\SanFileIO.h">
      <Filter>Header Files\FileIO</Filter>
    </ClInclude>
  </ItemGroup>
</Project>